
Microsoft Visual Studio Solution File, Format Version 12.00
# Visual Studio 15
VisualStudioVersion = 15.0.27130.2003
MinimumVisualStudioVersion = 10.0.40219.1
Project("{8BC9CEB8-8B4A-11D0-8D11-00A0C91BC942}") = "softwareproject", "softwareproject.vcxproj", "{0C71FDF4-B2A5-4925-A651-4EFD603B002F}"
EndProject
Global
	GlobalSection(SolutionConfigurationPlatforms) = preSolution
		Debug|x64 = Debug|x64
		Debug|x86 = Debug|x86
		Release|x64 = Release|x64
		Release|x86 = Release|x86
	EndGlobalSection
	GlobalSection(ProjectConfigurationPlatforms) = postSolution
		{0C71FDF4-B2A5-4925-A651-4EFD603B002F}.Debug|x64.ActiveCfg = Debug|x64
		{0C71FDF4-B2A5-4925-A651-4EFD603B002F}.Debug|x64.Build.0 = Debug|x64
		{0C71FDF4-B2A5-4925-A651-4EFD603B002F}.Debug|x86.ActiveCfg = Debug|Win32
		{0C71FDF4-B2A5-4925-A651-4EFD603B002F}.Debug|x86.Build.0 = Debug|Win32
		{0C71FDF4-B2A5-4925-A651-4EFD603B002F}.Release|x64.ActiveCfg = Release|x64
		{0C71FDF4-B2A5-4925-A651-4EFD603B002F}.Release|x64.Build.0 = Release|x64
		{0C71FDF4-B2A5-4925-A651-4EFD603B002F}.Release|x86.ActiveCfg = Release|Win32
		{0C71FDF4-B2A5-4925-A651-4EFD603B002F}.Release|x86.Build.0 = Release|Win32
	EndGlobalSection
	GlobalSection(SolutionProperties) = preSolution
		HideSolutionNode = FALSE
	EndGlobalSection
	GlobalSection(ExtensibilityGlobals) = postSolution
		SolutionGuid = {B03E609B-63B1-4A60-90D9-EBECE7302E88}
	EndGlobalSection
EndGlobal
